
Microsoft Visual Studio Solution File, Format Version 11.00
# Visual Studio 2010
Project("{FAE04EC0-301F-11D3-BF4B-00C04F79EFBC}") = "Assembly-CSharp", "Assembly-CSharp.csproj", "{2BF5C827-EE91-A14C-75FC-67446BB343B5}"
EndProject
Project("{FAE04EC0-301F-11D3-BF4B-00C04F79EFBC}") = "Assembly-CSharp-Editor", "Assembly-CSharp-Editor.csproj", "{93A769D1-CC69-78BB-6620-27A7644AEC62}"
EndProject
Global
	GlobalSection(SolutionConfigurationPlatforms) = preSolution
		Debug|Any CPU = Debug|Any CPU
		Release|Any CPU = Release|Any CPU
	EndGlobalSection
	GlobalSection(ProjectConfigurationPlatforms) = postSolution
		{2BF5C827-EE91-A14C-75FC-67446BB343B5}.Debug|Any CPU.ActiveCfg = Debug|Any CPU
		{2BF5C827-EE91-A14C-75FC-67446BB343B5}.Debug|Any CPU.Build.0 = Debug|Any CPU
		{2BF5C827-EE91-A14C-75FC-67446BB343B5}.Release|Any CPU.ActiveCfg = Release|Any CPU
		{2BF5C827-EE91-A14C-75FC-67446BB343B5}.Release|Any CPU.Build.0 = Release|Any CPU
		{93A769D1-CC69-78BB-6620-27A7644AEC62}.Debug|Any CPU.ActiveCfg = Debug|Any CPU
		{93A769D1-CC69-78BB-6620-27A7644AEC62}.Debug|Any CPU.Build.0 = Debug|Any CPU
		{93A769D1-CC69-78BB-6620-27A7644AEC62}.Release|Any CPU.ActiveCfg = Release|Any CPU
		{93A769D1-CC69-78BB-6620-27A7644AEC62}.Release|Any CPU.Build.0 = Release|Any CPU
	EndGlobalSection
	GlobalSection(SolutionProperties) = preSolution
		HideSolutionNode = FALSE
	EndGlobalSection
EndGlobal
